
Microsoft Visual Studio Solution File, Format Version 12.00
# Visual Studio Version 17
VisualStudioVersion = 17.2.32616.157
MinimumVisualStudioVersion = 10.0.40219.1
Project("{FAE04EC0-301F-11D3-BF4B-00C04F79EFBC}") = "GunesSistemi", "GunesSistemi\GunesSistemi.csproj", "{0C7E224B-A03B-4D97-BA2D-5A2F31CDD11F}"
EndProject
Global
	GlobalSection(SolutionConfigurationPlatforms) = preSolution
		Debug|Any CPU = Debug|Any CPU
		Release|Any CPU = Release|Any CPU
	EndGlobalSection
	GlobalSection(ProjectConfigurationPlatforms) = postSolution
		{0C7E224B-A03B-4D97-BA2D-5A2F31CDD11F}.Debug|Any CPU.ActiveCfg = Debug|Any CPU
		{0C7E224B-A03B-4D97-BA2D-5A2F31CDD11F}.Debug|Any CPU.Build.0 = Debug|Any CPU
		{0C7E224B-A03B-4D97-BA2D-5A2F31CDD11F}.Release|Any CPU.ActiveCfg = Release|Any CPU
		{0C7E224B-A03B-4D97-BA2D-5A2F31CDD11F}.Release|Any CPU.Build.0 = Release|Any CPU
	EndGlobalSection
	GlobalSection(SolutionProperties) = preSolution
		HideSolutionNode = FALSE
	EndGlobalSection
	GlobalSection(ExtensibilityGlobals) = postSolution
		SolutionGuid = {AC8E1590-14A7-4CE0-8EED-BC6564BBEA46}
	EndGlobalSection
EndGlobal
